
Microsoft Visual Studio Solution File, Format Version 12.00
# Visual Studio Version 16
VisualStudioVersion = 16.0.31702.278
MinimumVisualStudioVersion = 10.0.40219.1
Project("{8BC9CEB8-8B4A-11D0-8D11-00A0C91BC942}") = "InsertionSort", "InsertionSort\InsertionSort.vcxproj", "{F16F51F0-6171-4F24-8F00-86E15D48FE6F}"
EndProject
Global
	GlobalSection(SolutionConfigurationPlatforms) = preSolution
		Debug|x64 = Debug|x64
		Debug|x86 = Debug|x86
		Release|x64 = Release|x64
		Release|x86 = Release|x86
	EndGlobalSection
	GlobalSection(ProjectConfigurationPlatforms) = postSolution
		{F16F51F0-6171-4F24-8F00-86E15D48FE6F}.Debug|x64.ActiveCfg = Debug|x64
		{F16F51F0-6171-4F24-8F00-86E15D48FE6F}.Debug|x64.Build.0 = Debug|x64
		{F16F51F0-6171-4F24-8F00-86E15D48FE6F}.Debug|x86.ActiveCfg = Debug|Win32
		{F16F51F0-6171-4F24-8F00-86E15D48FE6F}.Debug|x86.Build.0 = Debug|Win32
		{F16F51F0-6171-4F24-8F00-86E15D48FE6F}.Release|x64.ActiveCfg = Release|x64
		{F16F51F0-6171-4F24-8F00-86E15D48FE6F}.Release|x64.Build.0 = Release|x64
		{F16F51F0-6171-4F24-8F00-86E15D48FE6F}.Release|x86.ActiveCfg = Release|Win32
		{F16F51F0-6171-4F24-8F00-86E15D48FE6F}.Release|x86.Build.0 = Release|Win32
	EndGlobalSection
	GlobalSection(SolutionProperties) = preSolution
		HideSolutionNode = FALSE
	EndGlobalSection
	GlobalSection(ExtensibilityGlobals) = postSolution
		SolutionGuid = {107B54E9-9B11-4047-93E6-5C98CCCC830C}
	EndGlobalSection
EndGlobal
